// !$*UTF8*$!
{
	archiveVersion = 1;
	classes = {
	};
	objectVersion = 52;
	objects = {

/* Begin PBXBuildFile section */
		0207DA581B56EA530066E2B4 /* Images.xcassets in Resources */ = {isa = PBXBuildFile; fileRef = 0207DA571B56EA530066E2B4 /* Images.xcassets */; };
		1D3623260D0F684500981E51 /* AppDelegate.m in Sources */ = {isa = PBXBuildFile; fileRef = 1D3623250D0F684500981E51 /* AppDelegate.m */; };
		1D60589B0D05DD56006BFB54 /* main.m in Sources */ = {isa = PBXBuildFile; fileRef = 29B97316FDCFA39411CA2CEA /* main.m */; };
		301BF552109A68D80062928A /* libCordova.a in Frameworks */ = {isa = PBXBuildFile; fileRef = 301BF535109A57CC0062928A /* libCordova.a */; settings = {ATTRIBUTES = (Required, ); }; };
		302D95F114D2391D003F00A1 /* MainViewController.m in Sources */ = {isa = PBXBuildFile; fileRef = 302D95EF14D2391D003F00A1 /* MainViewController.m */; };
		302D95F214D2391D003F00A1 /* MainViewController.xib in Resources */ = {isa = PBXBuildFile; fileRef = 302D95F014D2391D003F00A1 /* MainViewController.xib */; };
		6AFF5BF91D6E424B00AB3073 /* CDVLaunchScreen.storyboard in Resources */ = {isa = PBXBuildFile; fileRef = 6AFF5BF81D6E424B00AB3073 /* CDVLaunchScreen.storyboard */; };
		C946D393BA234065878A22F4 /* CDVInAppBrowserOptions.m in Sources */ = {isa = PBXBuildFile; fileRef = 5A9333111F384BE8A2BA3FAC /* CDVInAppBrowserOptions.m */; };
		B9F89AEF7D0944D6A812094C /* CDVInAppBrowserNavigationController.m in Sources */ = {isa = PBXBuildFile; fileRef = 871DCBC1569748A8986E2A11 /* CDVInAppBrowserNavigationController.m */; };
		47F5661C0248449983F39873 /* CDVWKInAppBrowser.m in Sources */ = {isa = PBXBuildFile; fileRef = 3DA7F59A89414241B58F8758 /* CDVWKInAppBrowser.m */; };
		153B2365CCF34259851AF24B /* CDVWKInAppBrowserUIDelegate.m in Sources */ = {isa = PBXBuildFile; fileRef = 26E84B2FECB3456F8E85A6AC /* CDVWKInAppBrowserUIDelegate.m */; };
		85D9916690844FC1A3390EA5 /* CDVStatusBar.m in Sources */ = {isa = PBXBuildFile; fileRef = 1E7E0072853143B48A9E111E /* CDVStatusBar.m */; };
		AADB7F2752644DBBA0866D31 /* CDVDevice.m in Sources */ = {isa = PBXBuildFile; fileRef = A66DF899E9984375BDBC6CC4 /* CDVDevice.m */; };
		9CED6F5FFDB944A9B9C6DBD2 /* CDVSplashScreen.m in Sources */ = {isa = PBXBuildFile; fileRef = F921ACA5E8714C93BE918D03 /* CDVSplashScreen.m */; };
		6AF969916A0C473EA6778C61 /* CDVViewController+SplashScreen.m in Sources */ = {isa = PBXBuildFile; fileRef = 0AB5CA326C6E40A2924374FD /* CDVViewController+SplashScreen.m */; };
		6C6BF7B553424189BEC3120E /* CDVWKWebViewEngine.m in Sources */ = {isa = PBXBuildFile; fileRef = 8790463B89304B789CDEA373 /* CDVWKWebViewEngine.m */; };
		6D201759DC1A41439A4BBC05 /* CDVWKWebViewUIDelegate.m in Sources */ = {isa = PBXBuildFile; fileRef = 6AC99281948C4820A9509BAB /* CDVWKWebViewUIDelegate.m */; };
		15033542121745999FEA4B58 /* CDVWKProcessPoolFactory.m in Sources */ = {isa = PBXBuildFile; fileRef = D10581A8A1D944FC9B631F39 /* CDVWKProcessPoolFactory.m */; };
		C7A06B4BEADE4F59821913EA /* IONAssetHandler.m in Sources */ = {isa = PBXBuildFile; fileRef = 4E9052DC47524396909C242E /* IONAssetHandler.m */; };
		F1BC18FEDC4342BCBC02B958 /* WebKit.framework in Frameworks */ = {isa = PBXBuildFile; fileRef = 313EEAFBE7A641828DDC631A /* WebKit.framework */; settings = {ATTRIBUTES = (Weak, ); }; };
		60B578BBC89C4D91B7CB6579 /* CDVIonicKeyboard.m in Sources */ = {isa = PBXBuildFile; fileRef = 6EE2FD1FFE684BA288F7DD30 /* CDVIonicKeyboard.m */; };
		1E2D081412524DF485A7EFAC /* UIImage+CropScaleOrientation.m in Sources */ = {isa = PBXBuildFile; fileRef = 53591A0D44694631AAD816E3 /* UIImage+CropScaleOrientation.m */; };
		1106146997F849AB9AF850A3 /* CDVCamera.m in Sources */ = {isa = PBXBuildFile; fileRef = 7DEEFB1E5A0D4A25A2298DC4 /* CDVCamera.m */; };
		37EF6DDF652441EEA8BCF95A /* CDVJpegHeaderWriter.m in Sources */ = {isa = PBXBuildFile; fileRef = A230CB08926A4C77AB26034B /* CDVJpegHeaderWriter.m */; };
		60381EA0EB19426990BDE229 /* ImageIO.framework in Frameworks */ = {isa = PBXBuildFile; fileRef = 99CE34A36B3B4FBC90D11735 /* ImageIO.framework */; settings = {ATTRIBUTES = (Weak, ); }; };
		1346AA84052549EF90E4B79C /* CoreLocation.framework in Frameworks */ = {isa = PBXBuildFile; fileRef = 673DAC4D062E4CA7B140BC40 /* CoreLocation.framework */; };
		5986E68F645B4F9E9C2415A3 /* AVFoundation.framework in Frameworks */ = {isa = PBXBuildFile; fileRef = 0465DA31CF3D4270ACD49E67 /* AVFoundation.framework */; };
		5B0245DBA3A6489CA56CBEC5 /* AppDelegate+FirebasePlugin.m in Sources */ = {isa = PBXBuildFile; fileRef = B1E0223481354FDFA859167F /* AppDelegate+FirebasePlugin.m */; };
		F2C94A9480F64B32AB6F4693 /* FirebasePlugin.m in Sources */ = {isa = PBXBuildFile; fileRef = 33335B186BAB4078976C9159 /* FirebasePlugin.m */; };
		AEC01DF1699D4283889E1E9C /* GoogleService-Info.plist in Resources */ = {isa = PBXBuildFile; fileRef = B9DCF5B4817247268B9FD0EA /* GoogleService-Info.plist */; };
		EAA56A3B0D26498A9EF0C6BC /* Crashlytics.framework in Frameworks */ = {isa = PBXBuildFile; fileRef = B7C040342993435B9D16003D /* Crashlytics.framework */; };
		585915BE2EE443179AC795F3 /* Fabric.framework in Frameworks */ = {isa = PBXBuildFile; fileRef = AD9607C25EE5418FB97BF03D /* Fabric.framework */; };
		00581D9B435E4D979E63DB3F /* GoogleAppMeasurement.framework in Frameworks */ = {isa = PBXBuildFile; fileRef = 8D434E61728D4EF19C533E6F /* GoogleAppMeasurement.framework */; };
		01F2E20951CD4667B4FCB1A7 /* MeasurementNanoPB.framework in Frameworks */ = {isa = PBXBuildFile; fileRef = 6DA315D2828E4FCC9C4B5248 /* MeasurementNanoPB.framework */; };
		727513C6C9DC4F4BA5579DEF /* FirebaseCore.framework in Frameworks */ = {isa = PBXBuildFile; fileRef = BBF92D751D334D308051B467 /* FirebaseCore.framework */; };
		215D8F9ED6DB4DB6B328BA7E /* FirebaseAnalytics.framework in Frameworks */ = {isa = PBXBuildFile; fileRef = FDD3321DB44B4E09B85E520A /* FirebaseAnalytics.framework */; };
		61D02FE1BA784BC8A561E05C /* GoogleUtilities.framework in Frameworks */ = {isa = PBXBuildFile; fileRef = 737B7A948E134B46AC9B926D /* GoogleUtilities.framework */; };
		4514D801A95F42C4B63498C3 /* nanopb.framework in Frameworks */ = {isa = PBXBuildFile; fileRef = ED4E1EEB56A1495C81F51877 /* nanopb.framework */; };
		C9F2505FEEBB4F90B2DA073F /* FirebaseInstanceID.framework in Frameworks */ = {isa = PBXBuildFile; fileRef = BEFC1876FF5D4C06A7190534 /* FirebaseInstanceID.framework */; };
		576CB20DF2594886936ADF4F /* FirebaseCoreDiagnostics.framework in Frameworks */ = {isa = PBXBuildFile; fileRef = 6FB8EC58C77C4D31A834FDC9 /* FirebaseCoreDiagnostics.framework */; };
		72C9E19C001F4D789E2DBF20 /* GTMSessionFetcher.framework in Frameworks */ = {isa = PBXBuildFile; fileRef = 372911204FC34DAE9DE09365 /* GTMSessionFetcher.framework */; };
		DBFAB6A9C9514E53BAE91561 /* FirebaseAuth.framework in Frameworks */ = {isa = PBXBuildFile; fileRef = A0C1EE11B85B4A38BF09B123 /* FirebaseAuth.framework */; };
		B7045521246B488C98A20804 /* FirebaseMessaging.framework in Frameworks */ = {isa = PBXBuildFile; fileRef = 2BD7ACB848714423AD3C72B4 /* FirebaseMessaging.framework */; };
		6577D216A8184442B8FD2571 /* GoogleToolboxForMac.framework in Frameworks */ = {isa = PBXBuildFile; fileRef = 0563165F161B49CB9B1A9CB6 /* GoogleToolboxForMac.framework */; };
		A32BC1B2C8F449BDBA963E44 /* FirebasePerformance.framework in Frameworks */ = {isa = PBXBuildFile; fileRef = 2A91E30C50FF4B5AAF4A3459 /* FirebasePerformance.framework */; };
		8D283394DE8F4B2086D90612 /* Protobuf.framework in Frameworks */ = {isa = PBXBuildFile; fileRef = A489190793B1414A9F613945 /* Protobuf.framework */; };
		DA022B39DDD24B918934DE83 /* FirebaseRemoteConfig.framework in Frameworks */ = {isa = PBXBuildFile; fileRef = 744F34172D6D45DB940765B6 /* FirebaseRemoteConfig.framework */; };
		C0A9A9D5EA454347AEB37A43 /* FirebaseABTesting.framework in Frameworks */ = {isa = PBXBuildFile; fileRef = 65AEBB3D84F84E23AF091D31 /* FirebaseABTesting.framework */; };
/* End PBXBuildFile section */

/* Begin PBXContainerItemProxy section */
		301BF534109A57CC0062928A /* PBXContainerItemProxy */ = {
			isa = PBXContainerItemProxy;
			containerPortal = 301BF52D109A57CC0062928A /* CordovaLib/CordovaLib.xcodeproj */;
			proxyType = 2;
			remoteGlobalIDString = D2AAC07E0554694100DB518D;
			remoteInfo = CordovaLib;
		};
		301BF550109A68C00062928A /* PBXContainerItemProxy */ = {
			isa = PBXContainerItemProxy;
			containerPortal = 301BF52D109A57CC0062928A /* CordovaLib/CordovaLib.xcodeproj */;
			proxyType = 1;
			remoteGlobalIDString = D2AAC07D0554694100DB518D;
			remoteInfo = CordovaLib;
		};
		907D8123214C687600058A10 /* PBXContainerItemProxy */ = {
			isa = PBXContainerItemProxy;
			containerPortal = 301BF52D109A57CC0062928A /* CordovaLib/CordovaLib.xcodeproj */;
			proxyType = 2;
			remoteGlobalIDString = C0C01EB21E3911D50056E6CB;
			remoteInfo = Cordova;
		};
/* End PBXContainerItemProxy section */

/* Begin PBXFileReference section */
		0207DA571B56EA530066E2B4 /* Images.xcassets */ = {isa = PBXFileReference; lastKnownFileType = folder.assetcatalog; name = Images.xcassets; path = "MyApp/Images.xcassets"; sourceTree = SOURCE_ROOT; };
		1D3623240D0F684500981E51 /* AppDelegate.h */ = {isa = PBXFileReference; fileEncoding = 4; lastKnownFileType = sourcecode.c.h; path = AppDelegate.h; sourceTree = "<group>"; };
		1D3623250D0F684500981E51 /* AppDelegate.m */ = {isa = PBXFileReference; fileEncoding = 4; lastKnownFileType = sourcecode.c.objc; path = AppDelegate.m; sourceTree = "<group>"; };
		1D6058910D05DD3D006BFB54 /* MyApp.app */ = {isa = PBXFileReference; explicitFileType = wrapper.application; includeInIndex = 0; path = "MyApp.app"; sourceTree = BUILT_PRODUCTS_DIR; };
		29B97316FDCFA39411CA2CEA /* main.m */ = {isa = PBXFileReference; fileEncoding = 4; lastKnownFileType = sourcecode.c.objc; path = main.m; sourceTree = "<group>"; };
		301BF52D109A57CC0062928A /* CordovaLib/CordovaLib.xcodeproj */ = {isa = PBXFileReference; lastKnownFileType = "wrapper.pb-project"; name = CordovaLib.xcodeproj; path = CordovaLib/CordovaLib.xcodeproj; sourceTree = "<group>"; };
		301BF56E109A69640062928A /* www */ = {isa = PBXFileReference; lastKnownFileType = folder; path = www; sourceTree = SOURCE_ROOT; };
		302D95EE14D2391D003F00A1 /* MainViewController.h */ = {isa = PBXFileReference; fileEncoding = 4; lastKnownFileType = sourcecode.c.h; path = MainViewController.h; sourceTree = "<group>"; };
		302D95EF14D2391D003F00A1 /* MainViewController.m */ = {isa = PBXFileReference; fileEncoding = 4; lastKnownFileType = sourcecode.c.objc; path = MainViewController.m; sourceTree = "<group>"; };
		302D95F014D2391D003F00A1 /* MainViewController.xib */ = {isa = PBXFileReference; fileEncoding = 4; lastKnownFileType = file.xib; path = MainViewController.xib; sourceTree = "<group>"; };
		3047A50F1AB8059700498E2A /* build-debug.xcconfig */ = {isa = PBXFileReference; fileEncoding = 4; lastKnownFileType = text.xcconfig; name = "build-debug.xcconfig"; path = "cordova/build-debug.xcconfig"; sourceTree = SOURCE_ROOT; };
		3047A5101AB8059700498E2A /* build-release.xcconfig */ = {isa = PBXFileReference; fileEncoding = 4; lastKnownFileType = text.xcconfig; name = "build-release.xcconfig"; path = "cordova/build-release.xcconfig"; sourceTree = SOURCE_ROOT; };
		3047A5111AB8059700498E2A /* build.xcconfig */ = {isa = PBXFileReference; fileEncoding = 4; lastKnownFileType = text.xcconfig; name = build.xcconfig; path = cordova/build.xcconfig; sourceTree = SOURCE_ROOT; };
		32CA4F630368D1EE00C91783 /* MyApp-Prefix.pch */ = {isa = PBXFileReference; fileEncoding = 4; lastKnownFileType = sourcecode.c.h; path = "MyApp-Prefix.pch"; sourceTree = "<group>"; };
		6AFF5BF81D6E424B00AB3073 /* CDVLaunchScreen.storyboard */ = {isa = PBXFileReference; fileEncoding = 4; lastKnownFileType = file.storyboard; name = CDVLaunchScreen.storyboard; path = "MyApp/CDVLaunchScreen.storyboard"; sourceTree = SOURCE_ROOT; };
		8D1107310486CEB800E47090 /* MyApp-Info.plist */ = {isa = PBXFileReference; fileEncoding = 4; lastKnownFileType = text.plist.xml; name = "MyApp-Info.plist"; path = "MyApp/MyApp-Info.plist"; plistStructureDefinitionIdentifier = "com.apple.xcode.plist.structure-definition.iphone.info-plist"; sourceTree = SOURCE_ROOT; };
		EB87FDF31871DA8E0020F90C /* www */ = {isa = PBXFileReference; lastKnownFileType = folder; name = www; path = ../../www; sourceTree = "<group>"; };
		EB87FDF41871DAF40020F90C /* config.xml */ = {isa = PBXFileReference; lastKnownFileType = text.xml; name = config.xml; path = ../../config.xml; sourceTree = "<group>"; };
		ED33DF2A687741AEAF9F8254 /* Bridging-Header.h */ = {isa = PBXFileReference; fileEncoding = 4; lastKnownFileType = sourcecode.c.h; path = "Bridging-Header.h"; sourceTree = "<group>"; };
		F840E1F0165FE0F500CFE078 /* config.xml */ = {isa = PBXFileReference; lastKnownFileType = text.xml; name = config.xml; path = "MyApp/config.xml"; sourceTree = "<group>"; };
		5A9333111F384BE8A2BA3FAC /* CDVInAppBrowserOptions.m */ = {isa = PBXFileReference; name = "CDVInAppBrowserOptions.m"; path = "cordova-plugin-inappbrowser/CDVInAppBrowserOptions.m"; sourceTree = "<group>"; fileEncoding = 4; lastKnownFileType = sourcecode.c.objc; explicitFileType = undefined; includeInIndex = 0; };
		871DCBC1569748A8986E2A11 /* CDVInAppBrowserNavigationController.m */ = {isa = PBXFileReference; name = "CDVInAppBrowserNavigationController.m"; path = "cordova-plugin-inappbrowser/CDVInAppBrowserNavigationController.m"; sourceTree = "<group>"; fileEncoding = 4; lastKnownFileType = sourcecode.c.objc; explicitFileType = undefined; includeInIndex = 0; };
		3DA7F59A89414241B58F8758 /* CDVWKInAppBrowser.m */ = {isa = PBXFileReference; name = "CDVWKInAppBrowser.m"; path = "cordova-plugin-inappbrowser/CDVWKInAppBrowser.m"; sourceTree = "<group>"; fileEncoding = 4; lastKnownFileType = sourcecode.c.objc; explicitFileType = undefined; includeInIndex = 0; };
		26E84B2FECB3456F8E85A6AC /* CDVWKInAppBrowserUIDelegate.m */ = {isa = PBXFileReference; name = "CDVWKInAppBrowserUIDelegate.m"; path = "cordova-plugin-inappbrowser/CDVWKInAppBrowserUIDelegate.m"; sourceTree = "<group>"; fileEncoding = 4; lastKnownFileType = sourcecode.c.objc; explicitFileType = undefined; includeInIndex = 0; };
		8F8BA5E4527E426BAB6F511E /* CDVInAppBrowserOptions.h */ = {isa = PBXFileReference; name = "CDVInAppBrowserOptions.h"; path = "cordova-plugin-inappbrowser/CDVInAppBrowserOptions.h"; sourceTree = "<group>"; fileEncoding = 4; lastKnownFileType = sourcecode.c.h; explicitFileType = undefined; includeInIndex = 0; };
		C050E30032E74CF3A88E1A79 /* CDVInAppBrowserNavigationController.h */ = {isa = PBXFileReference; name = "CDVInAppBrowserNavigationController.h"; path = "cordova-plugin-inappbrowser/CDVInAppBrowserNavigationController.h"; sourceTree = "<group>"; fileEncoding = 4; lastKnownFileType = sourcecode.c.h; explicitFileType = undefined; includeInIndex = 0; };
		31291697AED548069B6FFEDD /* CDVWKInAppBrowser.h */ = {isa = PBXFileReference; name = "CDVWKInAppBrowser.h"; path = "cordova-plugin-inappbrowser/CDVWKInAppBrowser.h"; sourceTree = "<group>"; fileEncoding = 4; lastKnownFileType = sourcecode.c.h; explicitFileType = undefined; includeInIndex = 0; };
		89C59C0DA85F4AA095DB92FD /* CDVWKInAppBrowserUIDelegate.h */ = {isa = PBXFileReference; name = "CDVWKInAppBrowserUIDelegate.h"; path = "cordova-plugin-inappbrowser/CDVWKInAppBrowserUIDelegate.h"; sourceTree = "<group>"; fileEncoding = 4; lastKnownFileType = sourcecode.c.h; explicitFileType = undefined; includeInIndex = 0; };
		1E7E0072853143B48A9E111E /* CDVStatusBar.m */ = {isa = PBXFileReference; name = "CDVStatusBar.m"; path = "cordova-plugin-statusbar/CDVStatusBar.m"; sourceTree = "<group>"; fileEncoding = 4; lastKnownFileType = sourcecode.c.objc; explicitFileType = undefined; includeInIndex = 0; };
		93BFB50F586B4579A4D72B02 /* CDVStatusBar.h */ = {isa = PBXFileReference; name = "CDVStatusBar.h"; path = "cordova-plugin-statusbar/CDVStatusBar.h"; sourceTree = "<group>"; fileEncoding = 4; lastKnownFileType = sourcecode.c.h; explicitFileType = undefined; includeInIndex = 0; };
		A66DF899E9984375BDBC6CC4 /* CDVDevice.m */ = {isa = PBXFileReference; name = "CDVDevice.m"; path = "cordova-plugin-device/CDVDevice.m"; sourceTree = "<group>"; fileEncoding = 4; lastKnownFileType = sourcecode.c.objc; explicitFileType = undefined; includeInIndex = 0; };
		EEFC81EFAB704CE3943B577B /* CDVDevice.h */ = {isa = PBXFileReference; name = "CDVDevice.h"; path = "cordova-plugin-device/CDVDevice.h"; sourceTree = "<group>"; fileEncoding = 4; lastKnownFileType = sourcecode.c.h; explicitFileType = undefined; includeInIndex = 0; };
		F921ACA5E8714C93BE918D03 /* CDVSplashScreen.m */ = {isa = PBXFileReference; name = "CDVSplashScreen.m"; path = "cordova-plugin-splashscreen/CDVSplashScreen.m"; sourceTree = "<group>"; fileEncoding = 4; lastKnownFileType = sourcecode.c.objc; explicitFileType = undefined; includeInIndex = 0; };
		0AB5CA326C6E40A2924374FD /* CDVViewController+SplashScreen.m */ = {isa = PBXFileReference; name = "CDVViewController+SplashScreen.m"; path = "cordova-plugin-splashscreen/CDVViewController+SplashScreen.m"; sourceTree = "<group>"; fileEncoding = 4; lastKnownFileType = sourcecode.c.objc; explicitFileType = undefined; includeInIndex = 0; };
		DEC8821321E54AE89702E4C7 /* CDVSplashScreen.h */ = {isa = PBXFileReference; name = "CDVSplashScreen.h"; path = "cordova-plugin-splashscreen/CDVSplashScreen.h"; sourceTree = "<group>"; fileEncoding = 4; lastKnownFileType = sourcecode.c.h; explicitFileType = undefined; includeInIndex = 0; };
		F9AEC1734F7D4D768A0D0E48 /* CDVViewController+SplashScreen.h */ = {isa = PBXFileReference; name = "CDVViewController+SplashScreen.h"; path = "cordova-plugin-splashscreen/CDVViewController+SplashScreen.h"; sourceTree = "<group>"; fileEncoding = 4; lastKnownFileType = sourcecode.c.h; explicitFileType = undefined; includeInIndex = 0; };
		8790463B89304B789CDEA373 /* CDVWKWebViewEngine.m */ = {isa = PBXFileReference; name = "CDVWKWebViewEngine.m"; path = "cordova-plugin-ionic-webview/CDVWKWebViewEngine.m"; sourceTree = "<group>"; fileEncoding = 4; lastKnownFileType = sourcecode.c.objc; explicitFileType = undefined; includeInIndex = 0; };
		6AC99281948C4820A9509BAB /* CDVWKWebViewUIDelegate.m */ = {isa = PBXFileReference; name = "CDVWKWebViewUIDelegate.m"; path = "cordova-plugin-ionic-webview/CDVWKWebViewUIDelegate.m"; sourceTree = "<group>"; fileEncoding = 4; lastKnownFileType = sourcecode.c.objc; explicitFileType = undefined; includeInIndex = 0; };
		D10581A8A1D944FC9B631F39 /* CDVWKProcessPoolFactory.m */ = {isa = PBXFileReference; name = "CDVWKProcessPoolFactory.m"; path = "cordova-plugin-ionic-webview/CDVWKProcessPoolFactory.m"; sourceTree = "<group>"; fileEncoding = 4; lastKnownFileType = sourcecode.c.objc; explicitFileType = undefined; includeInIndex = 0; };
		4E9052DC47524396909C242E /* IONAssetHandler.m */ = {isa = PBXFileReference; name = "IONAssetHandler.m"; path = "cordova-plugin-ionic-webview/IONAssetHandler.m"; sourceTree = "<group>"; fileEncoding = 4; lastKnownFileType = sourcecode.c.objc; explicitFileType = undefined; includeInIndex = 0; };
		2A18A16A6BA24020988DFC12 /* CDVWKWebViewEngine.h */ = {isa = PBXFileReference; name = "CDVWKWebViewEngine.h"; path = "cordova-plugin-ionic-webview/CDVWKWebViewEngine.h"; sourceTree = "<group>"; fileEncoding = 4; lastKnownFileType = sourcecode.c.h; explicitFileType = undefined; includeInIndex = 0; };
		E9553078B2D84AA28E60438C /* CDVWKWebViewUIDelegate.h */ = {isa = PBXFileReference; name = "CDVWKWebViewUIDelegate.h"; path = "cordova-plugin-ionic-webview/CDVWKWebViewUIDelegate.h"; sourceTree = "<group>"; fileEncoding = 4; lastKnownFileType = sourcecode.c.h; explicitFileType = undefined; includeInIndex = 0; };
		43D6DBC7C2E342808B8732BE /* CDVWKProcessPoolFactory.h */ = {isa = PBXFileReference; name = "CDVWKProcessPoolFactory.h"; path = "cordova-plugin-ionic-webview/CDVWKProcessPoolFactory.h"; sourceTree = "<group>"; fileEncoding = 4; lastKnownFileType = sourcecode.c.h; explicitFileType = undefined; includeInIndex = 0; };
		CAF08D158BF9421E8716D66E /* IONAssetHandler.h */ = {isa = PBXFileReference; name = "IONAssetHandler.h"; path = "cordova-plugin-ionic-webview/IONAssetHandler.h"; sourceTree = "<group>"; fileEncoding = 4; lastKnownFileType = sourcecode.c.h; explicitFileType = undefined; includeInIndex = 0; };
		313EEAFBE7A641828DDC631A /* WebKit.framework */ = {isa = PBXFileReference; name = "WebKit.framework"; path = "System/Library/Frameworks/WebKit.framework"; sourceTree = SDKROOT; fileEncoding = undefined; lastKnownFileType = wrapper.framework; explicitFileType = undefined; includeInIndex = 0; };
		6EE2FD1FFE684BA288F7DD30 /* CDVIonicKeyboard.m */ = {isa = PBXFileReference; name = "CDVIonicKeyboard.m"; path = "cordova-plugin-ionic-keyboard/CDVIonicKeyboard.m"; sourceTree = "<group>"; fileEncoding = 4; lastKnownFileType = sourcecode.c.objc; explicitFileType = undefined; includeInIndex = 0; };
		0E1B0E318FCD41ED8334D6E5 /* CDVIonicKeyboard.h */ = {isa = PBXFileReference; name = "CDVIonicKeyboard.h"; path = "cordova-plugin-ionic-keyboard/CDVIonicKeyboard.h"; sourceTree = "<group>"; fileEncoding = 4; lastKnownFileType = sourcecode.c.h; explicitFileType = undefined; includeInIndex = 0; };
		53591A0D44694631AAD816E3 /* UIImage+CropScaleOrientation.m */ = {isa = PBXFileReference; name = "UIImage+CropScaleOrientation.m"; path = "cordova-plugin-camera/UIImage+CropScaleOrientation.m"; sourceTree = "<group>"; fileEncoding = 4; lastKnownFileType = sourcecode.c.objc; explicitFileType = undefined; includeInIndex = 0; };
		7DEEFB1E5A0D4A25A2298DC4 /* CDVCamera.m */ = {isa = PBXFileReference; name = "CDVCamera.m"; path = "cordova-plugin-camera/CDVCamera.m"; sourceTree = "<group>"; fileEncoding = 4; lastKnownFileType = sourcecode.c.objc; explicitFileType = undefined; includeInIndex = 0; };
		A230CB08926A4C77AB26034B /* CDVJpegHeaderWriter.m */ = {isa = PBXFileReference; name = "CDVJpegHeaderWriter.m"; path = "cordova-plugin-camera/CDVJpegHeaderWriter.m"; sourceTree = "<group>"; fileEncoding = 4; lastKnownFileType = sourcecode.c.objc; explicitFileType = undefined; includeInIndex = 0; };
		7DD3EE074F5449EDAB362667 /* UIImage+CropScaleOrientation.h */ = {isa = PBXFileReference; name = "UIImage+CropScaleOrientation.h"; path = "cordova-plugin-camera/UIImage+CropScaleOrientation.h"; sourceTree = "<group>"; fileEncoding = 4; lastKnownFileType = sourcecode.c.h; explicitFileType = undefined; includeInIndex = 0; };
		2EB502551C7B4FCC819DC876 /* CDVCamera.h */ = {isa = PBXFileReference; name = "CDVCamera.h"; path = "cordova-plugin-camera/CDVCamera.h"; sourceTree = "<group>"; fileEncoding = 4; lastKnownFileType = sourcecode.c.h; explicitFileType = undefined; includeInIndex = 0; };
		B69BE437900140149DD81420 /* CDVJpegHeaderWriter.h */ = {isa = PBXFileReference; name = "CDVJpegHeaderWriter.h"; path = "cordova-plugin-camera/CDVJpegHeaderWriter.h"; sourceTree = "<group>"; fileEncoding = 4; lastKnownFileType = sourcecode.c.h; explicitFileType = undefined; includeInIndex = 0; };
		BA87B14B02514386A5AA25E9 /* CDVExif.h */ = {isa = PBXFileReference; name = "CDVExif.h"; path = "cordova-plugin-camera/CDVExif.h"; sourceTree = "<group>"; fileEncoding = 4; lastKnownFileType = sourcecode.c.h; explicitFileType = undefined; includeInIndex = 0; };
		99CE34A36B3B4FBC90D11735 /* ImageIO.framework */ = {isa = PBXFileReference; name = "ImageIO.framework"; path = "System/Library/Frameworks/ImageIO.framework"; sourceTree = SDKROOT; fileEncoding = undefined; lastKnownFileType = wrapper.framework; explicitFileType = undefined; includeInIndex = 0; };
		673DAC4D062E4CA7B140BC40 /* CoreLocation.framework */ = {isa = PBXFileReference; name = "CoreLocation.framework"; path = "System/Library/Frameworks/CoreLocation.framework"; sourceTree = SDKROOT; fileEncoding = undefined; lastKnownFileType = wrapper.framework; explicitFileType = undefined; includeInIndex = 0; };
		0465DA31CF3D4270ACD49E67 /* AVFoundation.framework */ = {isa = PBXFileReference; name = "AVFoundation.framework"; path = "System/Library/Frameworks/AVFoundation.framework"; sourceTree = SDKROOT; fileEncoding = undefined; lastKnownFileType = wrapper.framework; explicitFileType = undefined; includeInIndex = 0; };
		B1E0223481354FDFA859167F /* AppDelegate+FirebasePlugin.m */ = {isa = PBXFileReference; name = "AppDelegate+FirebasePlugin.m"; path = "cordova-plugin-firebase/AppDelegate+FirebasePlugin.m"; sourceTree = "<group>"; fileEncoding = 4; lastKnownFileType = sourcecode.c.objc; explicitFileType = undefined; includeInIndex = 0; };
		33335B186BAB4078976C9159 /* FirebasePlugin.m */ = {isa = PBXFileReference; name = "FirebasePlugin.m"; path = "cordova-plugin-firebase/FirebasePlugin.m"; sourceTree = "<group>"; fileEncoding = 4; lastKnownFileType = sourcecode.c.objc; explicitFileType = undefined; includeInIndex = 0; };
		EFB7FD000B344420B8B22FEB /* AppDelegate+FirebasePlugin.h */ = {isa = PBXFileReference; name = "AppDelegate+FirebasePlugin.h"; path = "cordova-plugin-firebase/AppDelegate+FirebasePlugin.h"; sourceTree = "<group>"; fileEncoding = 4; lastKnownFileType = sourcecode.c.h; explicitFileType = undefined; includeInIndex = 0; };
		05FD52AFF75C4C1A92AEBD2F /* FirebasePlugin.h */ = {isa = PBXFileReference; name = "FirebasePlugin.h"; path = "cordova-plugin-firebase/FirebasePlugin.h"; sourceTree = "<group>"; fileEncoding = 4; lastKnownFileType = sourcecode.c.h; explicitFileType = undefined; includeInIndex = 0; };
		F7C0897038CA442297B81B56 /* Firebase.h */ = {isa = PBXFileReference; name = "Firebase.h"; path = "cordova-plugin-firebase/Firebase.h"; sourceTree = "<group>"; fileEncoding = 4; lastKnownFileType = sourcecode.c.h; explicitFileType = undefined; includeInIndex = 0; };
		B9DCF5B4817247268B9FD0EA /* GoogleService-Info.plist */ = {isa = PBXFileReference; name = "GoogleService-Info.plist"; path = "GoogleService-Info.plist"; sourceTree = "<group>"; fileEncoding = 4; lastKnownFileType = text.plist.xml; explicitFileType = undefined; includeInIndex = 0; };
		B7C040342993435B9D16003D /* Crashlytics.framework */ = {isa = PBXFileReference; name = "Crashlytics.framework"; path = "MyApp/Plugins/cordova-plugin-firebase/Crashlytics.framework"; sourceTree = "<group>"; fileEncoding = undefined; lastKnownFileType = wrapper.framework; explicitFileType = undefined; includeInIndex = 0; };
		AD9607C25EE5418FB97BF03D /* Fabric.framework */ = {isa = PBXFileReference; name = "Fabric.framework"; path = "MyApp/Plugins/cordova-plugin-firebase/Fabric.framework"; sourceTree = "<group>"; fileEncoding = undefined; lastKnownFileType = wrapper.framework; explicitFileType = undefined; includeInIndex = 0; };
		8D434E61728D4EF19C533E6F /* GoogleAppMeasurement.framework */ = {isa = PBXFileReference; name = "GoogleAppMeasurement.framework"; path = "MyApp/Plugins/cordova-plugin-firebase/GoogleAppMeasurement.framework"; sourceTree = "<group>"; fileEncoding = undefined; lastKnownFileType = wrapper.framework; explicitFileType = undefined; includeInIndex = 0; };
		6DA315D2828E4FCC9C4B5248 /* MeasurementNanoPB.framework */ = {isa = PBXFileReference; name = "MeasurementNanoPB.framework"; path = "MyApp/Plugins/cordova-plugin-firebase/MeasurementNanoPB.framework"; sourceTree = "<group>"; fileEncoding = undefined; lastKnownFileType = wrapper.framework; explicitFileType = undefined; includeInIndex = 0; };
		BBF92D751D334D308051B467 /* FirebaseCore.framework */ = {isa = PBXFileReference; name = "FirebaseCore.framework"; path = "MyApp/Plugins/cordova-plugin-firebase/FirebaseCore.framework"; sourceTree = "<group>"; fileEncoding = undefined; lastKnownFileType = wrapper.framework; explicitFileType = undefined; includeInIndex = 0; };
		FDD3321DB44B4E09B85E520A /* FirebaseAnalytics.framework */ = {isa = PBXFileReference; name = "FirebaseAnalytics.framework"; path = "MyApp/Plugins/cordova-plugin-firebase/FirebaseAnalytics.framework"; sourceTree = "<group>"; fileEncoding = undefined; lastKnownFileType = wrapper.framework; explicitFileType = undefined; includeInIndex = 0; };
		737B7A948E134B46AC9B926D /* GoogleUtilities.framework */ = {isa = PBXFileReference; name = "GoogleUtilities.framework"; path = "MyApp/Plugins/cordova-plugin-firebase/GoogleUtilities.framework"; sourceTree = "<group>"; fileEncoding = undefined; lastKnownFileType = wrapper.framework; explicitFileType = undefined; includeInIndex = 0; };
		ED4E1EEB56A1495C81F51877 /* nanopb.framework */ = {isa = PBXFileReference; name = "nanopb.framework"; path = "MyApp/Plugins/cordova-plugin-firebase/nanopb.framework"; sourceTree = "<group>"; fileEncoding = undefined; lastKnownFileType = wrapper.framework; explicitFileType = undefined; includeInIndex = 0; };
		BEFC1876FF5D4C06A7190534 /* FirebaseInstanceID.framework */ = {isa = PBXFileReference; name = "FirebaseInstanceID.framework"; path = "MyApp/Plugins/cordova-plugin-firebase/FirebaseInstanceID.framework"; sourceTree = "<group>"; fileEncoding = undefined; lastKnownFileType = wrapper.framework; explicitFileType = undefined; includeInIndex = 0; };
		6FB8EC58C77C4D31A834FDC9 /* FirebaseCoreDiagnostics.framework */ = {isa = PBXFileReference; name = "FirebaseCoreDiagnostics.framework"; path = "MyApp/Plugins/cordova-plugin-firebase/FirebaseCoreDiagnostics.framework"; sourceTree = "<group>"; fileEncoding = undefined; lastKnownFileType = wrapper.framework; explicitFileType = undefined; includeInIndex = 0; };
		372911204FC34DAE9DE09365 /* GTMSessionFetcher.framework */ = {isa = PBXFileReference; name = "GTMSessionFetcher.framework"; path = "MyApp/Plugins/cordova-plugin-firebase/GTMSessionFetcher.framework"; sourceTree = "<group>"; fileEncoding = undefined; lastKnownFileType = wrapper.framework; explicitFileType = undefined; includeInIndex = 0; };
		A0C1EE11B85B4A38BF09B123 /* FirebaseAuth.framework */ = {isa = PBXFileReference; name = "FirebaseAuth.framework"; path = "MyApp/Plugins/cordova-plugin-firebase/FirebaseAuth.framework"; sourceTree = "<group>"; fileEncoding = undefined; lastKnownFileType = wrapper.framework; explicitFileType = undefined; includeInIndex = 0; };
		2BD7ACB848714423AD3C72B4 /* FirebaseMessaging.framework */ = {isa = PBXFileReference; name = "FirebaseMessaging.framework"; path = "MyApp/Plugins/cordova-plugin-firebase/FirebaseMessaging.framework"; sourceTree = "<group>"; fileEncoding = undefined; lastKnownFileType = wrapper.framework; explicitFileType = undefined; includeInIndex = 0; };
		0563165F161B49CB9B1A9CB6 /* GoogleToolboxForMac.framework */ = {isa = PBXFileReference; name = "GoogleToolboxForMac.framework"; path = "MyApp/Plugins/cordova-plugin-firebase/GoogleToolboxForMac.framework"; sourceTree = "<group>"; fileEncoding = undefined; lastKnownFileType = wrapper.framework; explicitFileType = undefined; includeInIndex = 0; };
		2A91E30C50FF4B5AAF4A3459 /* FirebasePerformance.framework */ = {isa = PBXFileReference; name = "FirebasePerformance.framework"; path = "MyApp/Plugins/cordova-plugin-firebase/FirebasePerformance.framework"; sourceTree = "<group>"; fileEncoding = undefined; lastKnownFileType = wrapper.framework; explicitFileType = undefined; includeInIndex = 0; };
		A489190793B1414A9F613945 /* Protobuf.framework */ = {isa = PBXFileReference; name = "Protobuf.framework"; path = "MyApp/Plugins/cordova-plugin-firebase/Protobuf.framework"; sourceTree = "<group>"; fileEncoding = undefined; lastKnownFileType = wrapper.framework; explicitFileType = undefined; includeInIndex = 0; };
		744F34172D6D45DB940765B6 /* FirebaseRemoteConfig.framework */ = {isa = PBXFileReference; name = "FirebaseRemoteConfig.framework"; path = "MyApp/Plugins/cordova-plugin-firebase/FirebaseRemoteConfig.framework"; sourceTree = "<group>"; fileEncoding = undefined; lastKnownFileType = wrapper.framework; explicitFileType = undefined; includeInIndex = 0; };
		65AEBB3D84F84E23AF091D31 /* FirebaseABTesting.framework */ = {isa = PBXFileReference; name = "FirebaseABTesting.framework"; path = "MyApp/Plugins/cordova-plugin-firebase/FirebaseABTesting.framework"; sourceTree = "<group>"; fileEncoding = undefined; lastKnownFileType = wrapper.framework; explicitFileType = undefined; includeInIndex = 0; };
/* End PBXFileReference section */

/* Begin PBXFrameworksBuildPhase section */
		1D60588F0D05DD3D006BFB54 /* Frameworks */ = {
			isa = PBXFrameworksBuildPhase;
			buildActionMask = 2147483647;
			files = (
				301BF552109A68D80062928A /* libCordova.a in Frameworks */,
				F1BC18FEDC4342BCBC02B958 /* WebKit.framework in Frameworks */,
				60381EA0EB19426990BDE229 /* ImageIO.framework in Frameworks */,
				1346AA84052549EF90E4B79C /* CoreLocation.framework in Frameworks */,
				5986E68F645B4F9E9C2415A3 /* AVFoundation.framework in Frameworks */,
				EAA56A3B0D26498A9EF0C6BC /* Crashlytics.framework in Frameworks */,
				585915BE2EE443179AC795F3 /* Fabric.framework in Frameworks */,
				00581D9B435E4D979E63DB3F /* GoogleAppMeasurement.framework in Frameworks */,
				01F2E20951CD4667B4FCB1A7 /* MeasurementNanoPB.framework in Frameworks */,
				727513C6C9DC4F4BA5579DEF /* FirebaseCore.framework in Frameworks */,
				215D8F9ED6DB4DB6B328BA7E /* FirebaseAnalytics.framework in Frameworks */,
				61D02FE1BA784BC8A561E05C /* GoogleUtilities.framework in Frameworks */,
				4514D801A95F42C4B63498C3 /* nanopb.framework in Frameworks */,
				C9F2505FEEBB4F90B2DA073F /* FirebaseInstanceID.framework in Frameworks */,
				576CB20DF2594886936ADF4F /* FirebaseCoreDiagnostics.framework in Frameworks */,
				72C9E19C001F4D789E2DBF20 /* GTMSessionFetcher.framework in Frameworks */,
				DBFAB6A9C9514E53BAE91561 /* FirebaseAuth.framework in Frameworks */,
				B7045521246B488C98A20804 /* FirebaseMessaging.framework in Frameworks */,
				6577D216A8184442B8FD2571 /* GoogleToolboxForMac.framework in Frameworks */,
				A32BC1B2C8F449BDBA963E44 /* FirebasePerformance.framework in Frameworks */,
				8D283394DE8F4B2086D90612 /* Protobuf.framework in Frameworks */,
				DA022B39DDD24B918934DE83 /* FirebaseRemoteConfig.framework in Frameworks */,
				C0A9A9D5EA454347AEB37A43 /* FirebaseABTesting.framework in Frameworks */,
			);
			runOnlyForDeploymentPostprocessing = 0;
		};
/* End PBXFrameworksBuildPhase section */

/* Begin PBXGroup section */
		080E96DDFE201D6D7F000001 /* Classes */ = {
			isa = PBXGroup;
			children = (
				302D95EE14D2391D003F00A1 /* MainViewController.h */,
				302D95EF14D2391D003F00A1 /* MainViewController.m */,
				302D95F014D2391D003F00A1 /* MainViewController.xib */,
				1D3623240D0F684500981E51 /* AppDelegate.h */,
				1D3623250D0F684500981E51 /* AppDelegate.m */,
			);
			name = Classes;
			path = "MyApp/Classes";
			sourceTree = SOURCE_ROOT;
		};
		19C28FACFE9D520D11CA2CBB /* Products */ = {
			isa = PBXGroup;
			children = (
				1D6058910D05DD3D006BFB54 /* MyApp.app */,
			);
			name = Products;
			sourceTree = "<group>";
		};
		29B97314FDCFA39411CA2CEA /* CustomTemplate */ = {
			isa = PBXGroup;
			children = (
				EB87FDF41871DAF40020F90C /* config.xml */,
				EB87FDF31871DA8E0020F90C /* www */,
				EB87FDF11871DA420020F90C /* Staging */,
				301BF52D109A57CC0062928A /* CordovaLib/CordovaLib.xcodeproj */,
				080E96DDFE201D6D7F000001 /* Classes */,
				307C750510C5A3420062BCA9 /* Plugins */,
				29B97315FDCFA39411CA2CEA /* Other Sources */,
				29B97317FDCFA39411CA2CEA /* Resources */,
				29B97323FDCFA39411CA2CEA /* Frameworks */,
				19C28FACFE9D520D11CA2CBB /* Products */,
			);
			name = CustomTemplate;
			sourceTree = "<group>";
		};
		29B97315FDCFA39411CA2CEA /* Other Sources */ = {
			isa = PBXGroup;
			children = (
				32CA4F630368D1EE00C91783 /* MyApp-Prefix.pch */,
				29B97316FDCFA39411CA2CEA /* main.m */,
				ED33DF2A687741AEAF9F8254 /* Bridging-Header.h */,
			);
			name = "Other Sources";
			path = "MyApp";
			sourceTree = "<group>";
		};
		29B97317FDCFA39411CA2CEA /* Resources */ = {
			isa = PBXGroup;
			children = (
				0207DA571B56EA530066E2B4 /* Images.xcassets */,
				3047A50E1AB8057F00498E2A /* config */,
				8D1107310486CEB800E47090 /* MyApp-Info.plist */,
				6AFF5BF81D6E424B00AB3073 /* CDVLaunchScreen.storyboard */,
				B9DCF5B4817247268B9FD0EA /* GoogleService-Info.plist */,
			);
			name = Resources;
			path = "MyApp/Resources";
			sourceTree = "<group>";
		};
		29B97323FDCFA39411CA2CEA /* Frameworks */ = {
			isa = PBXGroup;
			children = (
				313EEAFBE7A641828DDC631A /* WebKit.framework */,
				99CE34A36B3B4FBC90D11735 /* ImageIO.framework */,
				673DAC4D062E4CA7B140BC40 /* CoreLocation.framework */,
				0465DA31CF3D4270ACD49E67 /* AVFoundation.framework */,
				B7C040342993435B9D16003D /* Crashlytics.framework */,
				AD9607C25EE5418FB97BF03D /* Fabric.framework */,
				8D434E61728D4EF19C533E6F /* GoogleAppMeasurement.framework */,
				6DA315D2828E4FCC9C4B5248 /* MeasurementNanoPB.framework */,
				BBF92D751D334D308051B467 /* FirebaseCore.framework */,
				FDD3321DB44B4E09B85E520A /* FirebaseAnalytics.framework */,
				737B7A948E134B46AC9B926D /* GoogleUtilities.framework */,
				ED4E1EEB56A1495C81F51877 /* nanopb.framework */,
				BEFC1876FF5D4C06A7190534 /* FirebaseInstanceID.framework */,
				6FB8EC58C77C4D31A834FDC9 /* FirebaseCoreDiagnostics.framework */,
				372911204FC34DAE9DE09365 /* GTMSessionFetcher.framework */,
				A0C1EE11B85B4A38BF09B123 /* FirebaseAuth.framework */,
				2BD7ACB848714423AD3C72B4 /* FirebaseMessaging.framework */,
				0563165F161B49CB9B1A9CB6 /* GoogleToolboxForMac.framework */,
				2A91E30C50FF4B5AAF4A3459 /* FirebasePerformance.framework */,
				A489190793B1414A9F613945 /* Protobuf.framework */,
				744F34172D6D45DB940765B6 /* FirebaseRemoteConfig.framework */,
				65AEBB3D84F84E23AF091D31 /* FirebaseABTesting.framework */,
			);
			name = Frameworks;
			sourceTree = "<group>";
		};
		301BF52E109A57CC0062928A /* Products */ = {
			isa = PBXGroup;
			children = (
				301BF535109A57CC0062928A /* libCordova.a */,
				907D8124214C687600058A10 /* Cordova.framework */,
			);
			name = Products;
			sourceTree = "<group>";
		};
		3047A50E1AB8057F00498E2A /* config */ = {
			isa = PBXGroup;
			children = (
				3047A50F1AB8059700498E2A /* build-debug.xcconfig */,
				3047A5101AB8059700498E2A /* build-release.xcconfig */,
				3047A5111AB8059700498E2A /* build.xcconfig */,
			);
			name = config;
			sourceTree = "<group>";
		};
		307C750510C5A3420062BCA9 /* Plugins */ = {
			isa = PBXGroup;
			children = (
				5A9333111F384BE8A2BA3FAC /* CDVInAppBrowserOptions.m */,
				871DCBC1569748A8986E2A11 /* CDVInAppBrowserNavigationController.m */,
				3DA7F59A89414241B58F8758 /* CDVWKInAppBrowser.m */,
				26E84B2FECB3456F8E85A6AC /* CDVWKInAppBrowserUIDelegate.m */,
				8F8BA5E4527E426BAB6F511E /* CDVInAppBrowserOptions.h */,
				C050E30032E74CF3A88E1A79 /* CDVInAppBrowserNavigationController.h */,
				31291697AED548069B6FFEDD /* CDVWKInAppBrowser.h */,
				89C59C0DA85F4AA095DB92FD /* CDVWKInAppBrowserUIDelegate.h */,
				1E7E0072853143B48A9E111E /* CDVStatusBar.m */,
				93BFB50F586B4579A4D72B02 /* CDVStatusBar.h */,
				A66DF899E9984375BDBC6CC4 /* CDVDevice.m */,
				EEFC81EFAB704CE3943B577B /* CDVDevice.h */,
				F921ACA5E8714C93BE918D03 /* CDVSplashScreen.m */,
				0AB5CA326C6E40A2924374FD /* CDVViewController+SplashScreen.m */,
				DEC8821321E54AE89702E4C7 /* CDVSplashScreen.h */,
				F9AEC1734F7D4D768A0D0E48 /* CDVViewController+SplashScreen.h */,
				8790463B89304B789CDEA373 /* CDVWKWebViewEngine.m */,
				6AC99281948C4820A9509BAB /* CDVWKWebViewUIDelegate.m */,
				D10581A8A1D944FC9B631F39 /* CDVWKProcessPoolFactory.m */,
				4E9052DC47524396909C242E /* IONAssetHandler.m */,
				2A18A16A6BA24020988DFC12 /* CDVWKWebViewEngine.h */,
				E9553078B2D84AA28E60438C /* CDVWKWebViewUIDelegate.h */,
				43D6DBC7C2E342808B8732BE /* CDVWKProcessPoolFactory.h */,
				CAF08D158BF9421E8716D66E /* IONAssetHandler.h */,
				6EE2FD1FFE684BA288F7DD30 /* CDVIonicKeyboard.m */,
				0E1B0E318FCD41ED8334D6E5 /* CDVIonicKeyboard.h */,
				53591A0D44694631AAD816E3 /* UIImage+CropScaleOrientation.m */,
				7DEEFB1E5A0D4A25A2298DC4 /* CDVCamera.m */,
				A230CB08926A4C77AB26034B /* CDVJpegHeaderWriter.m */,
				7DD3EE074F5449EDAB362667 /* UIImage+CropScaleOrientation.h */,
				2EB502551C7B4FCC819DC876 /* CDVCamera.h */,
				B69BE437900140149DD81420 /* CDVJpegHeaderWriter.h */,
				BA87B14B02514386A5AA25E9 /* CDVExif.h */,
				B1E0223481354FDFA859167F /* AppDelegate+FirebasePlugin.m */,
				33335B186BAB4078976C9159 /* FirebasePlugin.m */,
				EFB7FD000B344420B8B22FEB /* AppDelegate+FirebasePlugin.h */,
				05FD52AFF75C4C1A92AEBD2F /* FirebasePlugin.h */,
				F7C0897038CA442297B81B56 /* Firebase.h */,
			);
			name = Plugins;
			path = "MyApp/Plugins";
			sourceTree = SOURCE_ROOT;
		};
		EB87FDF11871DA420020F90C /* Staging */ = {
			isa = PBXGroup;
			children = (
				F840E1F0165FE0F500CFE078 /* config.xml */,
				301BF56E109A69640062928A /* www */,
			);
			name = Staging;
			sourceTree = "<group>";
		};
/* End PBXGroup section */

/* Begin PBXNativeTarget section */
		1D6058900D05DD3D006BFB54 /* MyApp */ = {
			isa = PBXNativeTarget;
			buildConfigurationList = 1D6058960D05DD3E006BFB54 /* Build configuration list for PBXNativeTarget "MyApp" */;
			buildPhases = (
				304B58A110DAC018002A0835 /* Copy www directory */,
				1D60588D0D05DD3D006BFB54 /* Resources */,
				1D60588E0D05DD3D006BFB54 /* Sources */,
				1D60588F0D05DD3D006BFB54 /* Frameworks */,
			);
			buildRules = (
			);
			dependencies = (
				301BF551109A68C00062928A /* PBXTargetDependency */,
			);
			name = "MyApp";
			productName = "MyApp";
			productReference = 1D6058910D05DD3D006BFB54 /* MyApp.app */;
			productType = "com.apple.product-type.application";
		};
/* End PBXNativeTarget section */

/* Begin PBXProject section */
		29B97313FDCFA39411CA2CEA /* Project object */ = {
			isa = PBXProject;
			attributes = {
				LastUpgradeCheck = 1130;
				TargetAttributes = {
					1D6058900D05DD3D006BFB54 = {
						ProvisioningStyle = Automatic;
					};
				};
			};
			buildConfigurationList = C01FCF4E08A954540054247B /* Build configuration list for PBXProject "MyApp" */;
			compatibilityVersion = "Xcode 11.0";
			developmentRegion = en;
			hasScannedForEncodings = 1;
			knownRegions = (
				en,
				Base,
			);
			mainGroup = 29B97314FDCFA39411CA2CEA /* CustomTemplate */;
			projectDirPath = "";
			projectReferences = (
				{
					ProductGroup = 301BF52E109A57CC0062928A /* Products */;
					ProjectRef = 301BF52D109A57CC0062928A /* CordovaLib/CordovaLib.xcodeproj */;
				},
			);
			projectRoot = "";
			targets = (
				1D6058900D05DD3D006BFB54 /* MyApp */,
			);
		};
/* End PBXProject section */

/* Begin PBXReferenceProxy section */
		301BF535109A57CC0062928A /* libCordova.a */ = {
			isa = PBXReferenceProxy;
			fileType = archive.ar;
			path = libCordova.a;
			remoteRef = 301BF534109A57CC0062928A /* PBXContainerItemProxy */;
			sourceTree = BUILT_PRODUCTS_DIR;
		};
		907D8124214C687600058A10 /* Cordova.framework */ = {
			isa = PBXReferenceProxy;
			fileType = wrapper.framework;
			path = Cordova.framework;
			remoteRef = 907D8123214C687600058A10 /* PBXContainerItemProxy */;
			sourceTree = BUILT_PRODUCTS_DIR;
		};
/* End PBXReferenceProxy section */

/* Begin PBXResourcesBuildPhase section */
		1D60588D0D05DD3D006BFB54 /* Resources */ = {
			isa = PBXResourcesBuildPhase;
			buildActionMask = 2147483647;
			files = (
				302D95F214D2391D003F00A1 /* MainViewController.xib in Resources */,
				0207DA581B56EA530066E2B4 /* Images.xcassets in Resources */,
				6AFF5BF91D6E424B00AB3073 /* CDVLaunchScreen.storyboard in Resources */,
				AEC01DF1699D4283889E1E9C /* GoogleService-Info.plist in Resources */,
			);
			runOnlyForDeploymentPostprocessing = 0;
		};
/* End PBXResourcesBuildPhase section */

/* Begin PBXShellScriptBuildPhase section */
		304B58A110DAC018002A0835 /* Copy www directory */ = {
			isa = PBXShellScriptBuildPhase;
			buildActionMask = 2147483647;
			files = (
			);
			inputPaths = (
			);
			name = "Copy www directory";
			outputPaths = (
			);
			runOnlyForDeploymentPostprocessing = 0;
			shellPath = /bin/sh;
			shellScript = "\"$SRCROOT/MyApp/Scripts/copy-www-build-step.sh\"";
			showEnvVarsInLog = 0;
		};
/* End PBXShellScriptBuildPhase section */

/* Begin PBXSourcesBuildPhase section */
		1D60588E0D05DD3D006BFB54 /* Sources */ = {
			isa = PBXSourcesBuildPhase;
			buildActionMask = 2147483647;
			files = (
				1D60589B0D05DD56006BFB54 /* main.m in Sources */,
				1D3623260D0F684500981E51 /* AppDelegate.m in Sources */,
				302D95F114D2391D003F00A1 /* MainViewController.m in Sources */,
				C946D393BA234065878A22F4 /* CDVInAppBrowserOptions.m in Sources */,
				B9F89AEF7D0944D6A812094C /* CDVInAppBrowserNavigationController.m in Sources */,
				47F5661C0248449983F39873 /* CDVWKInAppBrowser.m in Sources */,
				153B2365CCF34259851AF24B /* CDVWKInAppBrowserUIDelegate.m in Sources */,
				85D9916690844FC1A3390EA5 /* CDVStatusBar.m in Sources */,
				AADB7F2752644DBBA0866D31 /* CDVDevice.m in Sources */,
				9CED6F5FFDB944A9B9C6DBD2 /* CDVSplashScreen.m in Sources */,
				6AF969916A0C473EA6778C61 /* CDVViewController+SplashScreen.m in Sources */,
				6C6BF7B553424189BEC3120E /* CDVWKWebViewEngine.m in Sources */,
				6D201759DC1A41439A4BBC05 /* CDVWKWebViewUIDelegate.m in Sources */,
				15033542121745999FEA4B58 /* CDVWKProcessPoolFactory.m in Sources */,
				C7A06B4BEADE4F59821913EA /* IONAssetHandler.m in Sources */,
				60B578BBC89C4D91B7CB6579 /* CDVIonicKeyboard.m in Sources */,
				1E2D081412524DF485A7EFAC /* UIImage+CropScaleOrientation.m in Sources */,
				1106146997F849AB9AF850A3 /* CDVCamera.m in Sources */,
				37EF6DDF652441EEA8BCF95A /* CDVJpegHeaderWriter.m in Sources */,
				5B0245DBA3A6489CA56CBEC5 /* AppDelegate+FirebasePlugin.m in Sources */,
				F2C94A9480F64B32AB6F4693 /* FirebasePlugin.m in Sources */,
			);
			runOnlyForDeploymentPostprocessing = 0;
		};
/* End PBXSourcesBuildPhase section */

/* Begin PBXTargetDependency section */
		301BF551109A68C00062928A /* PBXTargetDependency */ = {
			isa = PBXTargetDependency;
			name = CordovaLib;
			targetProxy = 301BF550109A68C00062928A /* PBXContainerItemProxy */;
		};
/* End PBXTargetDependency section */

/* Begin XCBuildConfiguration section */
		1D6058940D05DD3E006BFB54 /* Debug */ = {
			isa = XCBuildConfiguration;
			baseConfigurationReference = 3047A50F1AB8059700498E2A /* build-debug.xcconfig */;
			buildSettings = {
				ALWAYS_SEARCH_USER_PATHS = NO;
				ASSETCATALOG_COMPILER_APPICON_NAME = AppIcon;
				CLANG_ENABLE_MODULES = YES;
				CLANG_ENABLE_OBJC_ARC = YES;
				COPY_PHASE_STRIP = NO;
				GCC_DYNAMIC_NO_PIC = NO;
				GCC_OPTIMIZATION_LEVEL = 0;
				GCC_PRECOMPILE_PREFIX_HEADER = YES;
				GCC_PREFIX_HEADER = "MyApp/MyApp-Prefix.pch";
				GCC_THUMB_SUPPORT = NO;
				GCC_VERSION = "";
				INFOPLIST_FILE = "MyApp/MyApp-Info.plist";
				IPHONEOS_DEPLOYMENT_TARGET = 11.0;
				LD_RUNPATH_SEARCH_PATHS = "@executable_path/Frameworks";
				PRODUCT_BUNDLE_IDENTIFIER = io.ionic.starter;
				PRODUCT_NAME = "$(TARGET_NAME)";
				TARGETED_DEVICE_FAMILY = "1,2";
				FRAMEWORK_SEARCH_PATHS = (
					"$(inherited)",
					"\"MyApp/Plugins/cordova-plugin-firebase\"",
					"\"MyApp/Plugins/cordova-plugin-firebase\"",
					"\"MyApp/Plugins/cordova-plugin-firebase\"",
					"\"MyApp/Plugins/cordova-plugin-firebase\"",
					"\"MyApp/Plugins/cordova-plugin-firebase\"",
					"\"MyApp/Plugins/cordova-plugin-firebase\"",
					"\"MyApp/Plugins/cordova-plugin-firebase\"",
					"\"MyApp/Plugins/cordova-plugin-firebase\"",
					"\"MyApp/Plugins/cordova-plugin-firebase\"",
					"\"MyApp/Plugins/cordova-plugin-firebase\"",
					"\"MyApp/Plugins/cordova-plugin-firebase\"",
					"\"MyApp/Plugins/cordova-plugin-firebase\"",
					"\"MyApp/Plugins/cordova-plugin-firebase\"",
					"\"MyApp/Plugins/cordova-plugin-firebase\"",
					"\"MyApp/Plugins/cordova-plugin-firebase\"",
					"\"MyApp/Plugins/cordova-plugin-firebase\"",
					"\"MyApp/Plugins/cordova-plugin-firebase\"",
					"\"MyApp/Plugins/cordova-plugin-firebase\"",
				);
			};
			name = Debug;
		};
		1D6058950D05DD3E006BFB54 /* Release */ = {
			isa = XCBuildConfiguration;
			baseConfigurationReference = 3047A5101AB8059700498E2A /* build-release.xcconfig */;
			buildSettings = {
				ALWAYS_SEARCH_USER_PATHS = NO;
				ASSETCATALOG_COMPILER_APPICON_NAME = AppIcon;
				CLANG_ENABLE_MODULES = YES;
				CLANG_ENABLE_OBJC_ARC = YES;
				COPY_PHASE_STRIP = YES;
				GCC_PRECOMPILE_PREFIX_HEADER = YES;
				GCC_PREFIX_HEADER = "MyApp/MyApp-Prefix.pch";
				GCC_THUMB_SUPPORT = NO;
				GCC_VERSION = "";
				INFOPLIST_FILE = "MyApp/MyApp-Info.plist";
				IPHONEOS_DEPLOYMENT_TARGET = 11.0;
				LD_RUNPATH_SEARCH_PATHS = "@executable_path/Frameworks";
				PRODUCT_BUNDLE_IDENTIFIER = io.ionic.starter;
				PRODUCT_NAME = "$(TARGET_NAME)";
				TARGETED_DEVICE_FAMILY = "1,2";
				FRAMEWORK_SEARCH_PATHS = (
					"$(inherited)",
					"\"MyApp/Plugins/cordova-plugin-firebase\"",
					"\"MyApp/Plugins/cordova-plugin-firebase\"",
					"\"MyApp/Plugins/cordova-plugin-firebase\"",
					"\"MyApp/Plugins/cordova-plugin-firebase\"",
					"\"MyApp/Plugins/cordova-plugin-firebase\"",
					"\"MyApp/Plugins/cordova-plugin-firebase\"",
					"\"MyApp/Plugins/cordova-plugin-firebase\"",
					"\"MyApp/Plugins/cordova-plugin-firebase\"",
					"\"MyApp/Plugins/cordova-plugin-firebase\"",
					"\"MyApp/Plugins/cordova-plugin-firebase\"",
					"\"MyApp/Plugins/cordova-plugin-firebase\"",
					"\"MyApp/Plugins/cordova-plugin-firebase\"",
					"\"MyApp/Plugins/cordova-plugin-firebase\"",
					"\"MyApp/Plugins/cordova-plugin-firebase\"",
					"\"MyApp/Plugins/cordova-plugin-firebase\"",
					"\"MyApp/Plugins/cordova-plugin-firebase\"",
					"\"MyApp/Plugins/cordova-plugin-firebase\"",
					"\"MyApp/Plugins/cordova-plugin-firebase\"",
				);
			};
			name = Release;
		};
		C01FCF4F08A954540054247B /* Debug */ = {
			isa = XCBuildConfiguration;
			baseConfigurationReference = 3047A5111AB8059700498E2A /* build.xcconfig */;
			buildSettings = {
				CLANG_ANALYZER_LOCALIZABILITY_NONLOCALIZED = YES;
				CLANG_ENABLE_MODULES = YES;
				CLANG_ENABLE_OBJC_ARC = YES;
				CLANG_WARN_BLOCK_CAPTURE_AUTORELEASING = YES;
				CLANG_WARN_BOOL_CONVERSION = YES;
				CLANG_WARN_COMMA = YES;
				CLANG_WARN_CONSTANT_CONVERSION = YES;
				CLANG_WARN_DEPRECATED_OBJC_IMPLEMENTATIONS = YES;
				CLANG_WARN_EMPTY_BODY = YES;
				CLANG_WARN_ENUM_CONVERSION = YES;
				CLANG_WARN_INFINITE_RECURSION = YES;
				CLANG_WARN_INT_CONVERSION = YES;
				CLANG_WARN_NON_LITERAL_NULL_CONVERSION = YES;
				CLANG_WARN_OBJC_IMPLICIT_RETAIN_SELF = YES;
				CLANG_WARN_OBJC_LITERAL_CONVERSION = YES;
				CLANG_WARN_RANGE_LOOP_ANALYSIS = YES;
				CLANG_WARN_STRICT_PROTOTYPES = YES;
				CLANG_WARN_SUSPICIOUS_MOVE = YES;
				CLANG_WARN_UNREACHABLE_CODE = YES;
				CLANG_WARN__DUPLICATE_METHOD_MATCH = YES;
				ENABLE_STRICT_OBJC_MSGSEND = YES;
				ENABLE_TESTABILITY = YES;
				GCC_C_LANGUAGE_STANDARD = c99;
				GCC_NO_COMMON_BLOCKS = YES;
				GCC_THUMB_SUPPORT = NO;
				GCC_VERSION = "";
				GCC_WARN_64_TO_32_BIT_CONVERSION = YES;
				GCC_WARN_ABOUT_RETURN_TYPE = YES;
				GCC_WARN_UNDECLARED_SELECTOR = YES;
				GCC_WARN_UNINITIALIZED_AUTOS = YES;
				GCC_WARN_UNUSED_FUNCTION = YES;
				GCC_WARN_UNUSED_VARIABLE = YES;
				ONLY_ACTIVE_ARCH = YES;
				SDKROOT = iphoneos;
				SKIP_INSTALL = NO;
				WK_WEB_VIEW_ONLY = 1;
				IPHONEOS_DEPLOYMENT_TARGET = 11.0;
			};
			name = Debug;
		};
		C01FCF5008A954540054247B /* Release */ = {
			isa = XCBuildConfiguration;
			baseConfigurationReference = 3047A5111AB8059700498E2A /* build.xcconfig */;
			buildSettings = {
				CLANG_ANALYZER_LOCALIZABILITY_NONLOCALIZED = YES;
				CLANG_ENABLE_MODULES = YES;
				CLANG_ENABLE_OBJC_ARC = YES;
				CLANG_WARN_BLOCK_CAPTURE_AUTORELEASING = YES;
				CLANG_WARN_BOOL_CONVERSION = YES;
				CLANG_WARN_COMMA = YES;
				CLANG_WARN_CONSTANT_CONVERSION = YES;
				CLANG_WARN_DEPRECATED_OBJC_IMPLEMENTATIONS = YES;
				CLANG_WARN_EMPTY_BODY = YES;
				CLANG_WARN_ENUM_CONVERSION = YES;
				CLANG_WARN_INFINITE_RECURSION = YES;
				CLANG_WARN_INT_CONVERSION = YES;
				CLANG_WARN_NON_LITERAL_NULL_CONVERSION = YES;
				CLANG_WARN_OBJC_IMPLICIT_RETAIN_SELF = YES;
				CLANG_WARN_OBJC_LITERAL_CONVERSION = YES;
				CLANG_WARN_RANGE_LOOP_ANALYSIS = YES;
				CLANG_WARN_STRICT_PROTOTYPES = YES;
				CLANG_WARN_SUSPICIOUS_MOVE = YES;
				CLANG_WARN_UNREACHABLE_CODE = YES;
				CLANG_WARN__DUPLICATE_METHOD_MATCH = YES;
				ENABLE_STRICT_OBJC_MSGSEND = YES;
				GCC_C_LANGUAGE_STANDARD = c99;
				GCC_NO_COMMON_BLOCKS = YES;
				GCC_THUMB_SUPPORT = NO;
				GCC_VERSION = "";
				GCC_WARN_64_TO_32_BIT_CONVERSION = YES;
				GCC_WARN_ABOUT_RETURN_TYPE = YES;
				GCC_WARN_UNDECLARED_SELECTOR = YES;
				GCC_WARN_UNINITIALIZED_AUTOS = YES;
				GCC_WARN_UNUSED_FUNCTION = YES;
				GCC_WARN_UNUSED_VARIABLE = YES;
				SDKROOT = iphoneos;
				SKIP_INSTALL = NO;
				WK_WEB_VIEW_ONLY = 1;
				IPHONEOS_DEPLOYMENT_TARGET = 11.0;
			};
			name = Release;
		};
/* End XCBuildConfiguration section */

/* Begin XCConfigurationList section */
		1D6058960D05DD3E006BFB54 /* Build configuration list for PBXNativeTarget "MyApp" */ = {
			isa = XCConfigurationList;
			buildConfigurations = (
				1D6058940D05DD3E006BFB54 /* Debug */,
				1D6058950D05DD3E006BFB54 /* Release */,
			);
			defaultConfigurationIsVisible = 0;
			defaultConfigurationName = Release;
		};
		C01FCF4E08A954540054247B /* Build configuration list for PBXProject "MyApp" */ = {
			isa = XCConfigurationList;
			buildConfigurations = (
				C01FCF4F08A954540054247B /* Debug */,
				C01FCF5008A954540054247B /* Release */,
			);
			defaultConfigurationIsVisible = 0;
			defaultConfigurationName = Release;
		};
/* End XCConfigurationList section */
	};
	rootObject = 29B97313FDCFA39411CA2CEA /* Project object */;
}
